
Microsoft Visual Studio Solution File, Format Version 12.00
# Visual Studio Version 17
VisualStudioVersion = 17.5.002.0
MinimumVisualStudioVersion = 10.0.40219.1
Project("{9A19103F-16F7-4668-BE54-9A1E7A4F7556}") = "API", "API\API.csproj", "{53695E8E-7B95-4BC2-A4AA-350E69B4DE07}"
EndProject
Global
	GlobalSection(SolutionConfigurationPlatforms) = preSolution
		Debug|Any CPU = Debug|Any CPU
		Release|Any CPU = Release|Any CPU
	EndGlobalSection
	GlobalSection(ProjectConfigurationPlatforms) = postSolution
		{53695E8E-7B95-4BC2-A4AA-350E69B4DE07}.Debug|Any CPU.ActiveCfg = Debug|Any CPU
		{53695E8E-7B95-4BC2-A4AA-350E69B4DE07}.Debug|Any CPU.Build.0 = Debug|Any CPU
		{53695E8E-7B95-4BC2-A4AA-350E69B4DE07}.Release|Any CPU.ActiveCfg = Release|Any CPU
		{53695E8E-7B95-4BC2-A4AA-350E69B4DE07}.Release|Any CPU.Build.0 = Release|Any CPU
	EndGlobalSection
	GlobalSection(SolutionProperties) = preSolution
		HideSolutionNode = FALSE
	EndGlobalSection
	GlobalSection(ExtensibilityGlobals) = postSolution
		SolutionGuid = {4936983A-53BF-48E1-AA46-27AD3D3891DE}
	EndGlobalSection
EndGlobal
